
Microsoft Visual Studio Solution File, Format Version 12.00
# Visual Studio Version 17
VisualStudioVersion = 17.1.32210.238
MinimumVisualStudioVersion = 10.0.40219.1
Project("{FAE04EC0-301F-11D3-BF4B-00C04F79EFBC}") = "R1_201801757_김정훈", "R1_201801757_김정훈\R1_201801757_김정훈.csproj", "{2F2FFD55-B835-4567-A5E2-51C92913D306}"
EndProject
Global
	GlobalSection(SolutionConfigurationPlatforms) = preSolution
		Debug|Any CPU = Debug|Any CPU
		Release|Any CPU = Release|Any CPU
	EndGlobalSection
	GlobalSection(ProjectConfigurationPlatforms) = postSolution
		{2F2FFD55-B835-4567-A5E2-51C92913D306}.Debug|Any CPU.ActiveCfg = Debug|Any CPU
		{2F2FFD55-B835-4567-A5E2-51C92913D306}.Debug|Any CPU.Build.0 = Debug|Any CPU
		{2F2FFD55-B835-4567-A5E2-51C92913D306}.Release|Any CPU.ActiveCfg = Release|Any CPU
		{2F2FFD55-B835-4567-A5E2-51C92913D306}.Release|Any CPU.Build.0 = Release|Any CPU
	EndGlobalSection
	GlobalSection(SolutionProperties) = preSolution
		HideSolutionNode = FALSE
	EndGlobalSection
	GlobalSection(ExtensibilityGlobals) = postSolution
		SolutionGuid = {E0E7BB61-47AA-4A60-8280-DF26FD6B0923}
	EndGlobalSection
EndGlobal
